
Microsoft Visual Studio Solution File, Format Version 12.00
# Visual Studio Version 17
VisualStudioVersion = 17.7.34031.279
MinimumVisualStudioVersion = 10.0.40219.1
Project("{8BC9CEB8-8B4A-11D0-8D11-00A0C91BC942}") = "Task 2", "Task 3\Task 3.vcxproj", "{9EC3E819-0EEA-43F3-8DE4-A3918FA50992}"
EndProject
Global
	GlobalSection(SolutionConfigurationPlatforms) = preSolution
		Debug|x64 = Debug|x64
		Debug|x86 = Debug|x86
		Release|x64 = Release|x64
		Release|x86 = Release|x86
	EndGlobalSection
	GlobalSection(ProjectConfigurationPlatforms) = postSolution
		{9EC3E819-0EEA-43F3-8DE4-A3918FA50992}.Debug|x64.ActiveCfg = Debug|x64
		{9EC3E819-0EEA-43F3-8DE4-A3918FA50992}.Debug|x64.Build.0 = Debug|x64
		{9EC3E819-0EEA-43F3-8DE4-A3918FA50992}.Debug|x86.ActiveCfg = Debug|Win32
		{9EC3E819-0EEA-43F3-8DE4-A3918FA50992}.Debug|x86.Build.0 = Debug|Win32
		{9EC3E819-0EEA-43F3-8DE4-A3918FA50992}.Release|x64.ActiveCfg = Release|x64
		{9EC3E819-0EEA-43F3-8DE4-A3918FA50992}.Release|x64.Build.0 = Release|x64
		{9EC3E819-0EEA-43F3-8DE4-A3918FA50992}.Release|x86.ActiveCfg = Release|Win32
		{9EC3E819-0EEA-43F3-8DE4-A3918FA50992}.Release|x86.Build.0 = Release|Win32
	EndGlobalSection
	GlobalSection(SolutionProperties) = preSolution
		HideSolutionNode = FALSE
	EndGlobalSection
	GlobalSection(ExtensibilityGlobals) = postSolution
		SolutionGuid = {20CA2C77-3EB6-4021-ABB6-BF7833DEF2AD}
	EndGlobalSection
EndGlobal
